
Microsoft Visual Studio Solution File, Format Version 12.00
# Visual Studio 15
VisualStudioVersion = 15.0.27004.2006
MinimumVisualStudioVersion = 10.0.40219.1
Project("{FAE04EC0-301F-11D3-BF4B-00C04F79EFBC}") = "ElderBotLocal", "ElderBotLocal\ElderBotLocal.csproj", "{18EF2D77-0365-4A77-BD61-23C90B58FB8E}"
EndProject
Global
	GlobalSection(SolutionConfigurationPlatforms) = preSolution
		Debug|Any CPU = Debug|Any CPU
		Release|Any CPU = Release|Any CPU
	EndGlobalSection
	GlobalSection(ProjectConfigurationPlatforms) = postSolution
		{18EF2D77-0365-4A77-BD61-23C90B58FB8E}.Debug|Any CPU.ActiveCfg = Debug|Any CPU
		{18EF2D77-0365-4A77-BD61-23C90B58FB8E}.Debug|Any CPU.Build.0 = Debug|Any CPU
		{18EF2D77-0365-4A77-BD61-23C90B58FB8E}.Release|Any CPU.ActiveCfg = Release|Any CPU
		{18EF2D77-0365-4A77-BD61-23C90B58FB8E}.Release|Any CPU.Build.0 = Release|Any CPU
	EndGlobalSection
	GlobalSection(SolutionProperties) = preSolution
		HideSolutionNode = FALSE
	EndGlobalSection
	GlobalSection(ExtensibilityGlobals) = postSolution
		SolutionGuid = {FF168431-F09D-4C9C-8036-41751BE07124}
	EndGlobalSection
EndGlobal
